schema: '2.0'
stages:
  load_data:
    cmd: python src/load_data.py --config=params.yaml
    deps:
    - path: data_given/winequality.csv
      md5: ccc8d3507eb151f53f760d36abdef888
      size: 91998
    - path: src/get_data.py
      md5: 3ba6941b010e8cb913e0f58335572dc6
      size: 705
    - path: src/load_data.py
      md5: f4759820e6a954c0ed102d364631f066
      size: 688
    outs:
    - path: data/raw/winequality.csv
      md5: d98e8f2eca228c11c4de1cc96866a54d
      size: 91998
  split_data:
    cmd: python src/split_data.py --config=params.yaml
    deps:
    - path: data/raw/winequality.csv
      md5: d98e8f2eca228c11c4de1cc96866a54d
      size: 91998
    - path: src/split_data.py
      md5: 52c6622a99fe696d41caa9f64eb3b9e3
      size: 1082
    outs:
    - path: data/processed/test_winequality.csv
      md5: 01718da3bd6e206060ed00667ca1a389
      size: 18510
    - path: data/processed/train_winequality.csv
      md5: 4bccf4d668cdc60115de42ba74d416ab
      size: 73633
  train_and_evaluate:
    cmd: python src/train_and_evaluate.py --config=params.yaml
    deps:
    - path: data/processed/test_winequality.csv
      md5: 01718da3bd6e206060ed00667ca1a389
      size: 18510
    - path: data/processed/train_winequality.csv
      md5: 4bccf4d668cdc60115de42ba74d416ab
      size: 73633
    - path: src/train_and_evaluate.py
      md5: 35bb7eeb3f3a0fbb64bfb59f3ad88b2c
      size: 2605
    params:
      params.yaml:
        estimators.ElasticNet.params.alpha: 0.88
        estimators.ElasticNet.params.l1_ratio: 0.89
    outs:
    - path: report/params.json
      md5: 0568f34313ba7c5e55128b75dbcbee5c
      size: 43
    - path: report/scores.json
      md5: ac89e037063ee307b6d23c8ef0583610
      size: 96
    - path: saved_models/model.joblib
      md5: 37832d3ddbe845c96ee86b52ad9d6e79
      size: 1406
